{
    "version": 3,
    "terraform_version": "0.7.10",
    "serial": 16,
    "lineage": "a529b06f-3392-4080-afb7-312d1307b729",
    "modules": [
        {
            "path": [
                "root"
            ],
            "outputs": {
                "localhost": {
                    "sensitive": false,
                    "type": "string",
                    "value": "localhost"
                }
            },
            "resources": {
                "data.docker_registry_image.consul": {
                    "type": "docker_registry_image",
                    "depends_on": [],
                    "primary": {
                        "id": "sha256:0a43d80f4ed3dc1abdbb0c60dba41f64666ea9259ffded6abadcde739f3deb9f",
                        "attributes": {
                            "id": "sha256:0a43d80f4ed3dc1abdbb0c60dba41f64666ea9259ffded6abadcde739f3deb9f",
                            "name": "consul",
                            "sha256_digest": "sha256:0a43d80f4ed3dc1abdbb0c60dba41f64666ea9259ffded6abadcde739f3deb9f"
                        },
                        "meta": {},
                        "tainted": false
                    },
                    "deposed": [],
                    "provider": ""
                },
                "docker_container.consul_client_1": {
                    "type": "docker_container",
                    "depends_on": [
                        "data.docker_registry_image.consul"
                    ],
                    "primary": {
                        "id": "49f745d1c8d08e67b1d40871c06f5c7b1745ff143136ba6fb4a02a8dfd794b3e",
                        "attributes": {
                            "bridge": "",
                            "command.#": "5",
                            "command.0": "agent",
                            "command.1": "-server",
                            "command.2": "-ui",
                            "command.3": "-bind=127.0.0.1",
                            "command.4": "-dns-port=53",
                            "env.#": "2",
                            "env.2890677004": "CONSUL_LOCAL_CONFIG={\"skip_leave_on_interrupt\": true}",
                            "env.793677986": "CONSUL_ALLOW_PRIVILEGED_PORTS=",
                            "gateway": "172.17.0.1",
                            "id": "49f745d1c8d08e67b1d40871c06f5c7b1745ff143136ba6fb4a02a8dfd794b3e",
                            "image": "consul",
                            "ip_address": "172.17.0.2",
                            "ip_prefix_length": "16",
                            "log_driver": "json-file",
                            "must_run": "true",
                            "name": "consul_client_1",
                            "network_mode": "bridge",
                            "ports.#": "7",
                            "ports.1516979389.external": "8300",
                            "ports.1516979389.internal": "8300",
                            "ports.1516979389.ip": "",
                            "ports.1516979389.protocol": "tcp",
                            "ports.1539802036.external": "8400",
                            "ports.1539802036.internal": "8400",
                            "ports.1539802036.ip": "",
                            "ports.1539802036.protocol": "tcp",
                            "ports.1740178278.external": "8301",
                            "ports.1740178278.internal": "8301",
                            "ports.1740178278.ip": "",
                            "ports.1740178278.protocol": "tcp",
                            "ports.2489282463.external": "8600",
                            "ports.2489282463.internal": "8600",
                            "ports.2489282463.ip": "",
                            "ports.2489282463.protocol": "tcp",
                            "ports.265401579.external": "2222",
                            "ports.265401579.internal": "22",
                            "ports.265401579.ip": "",
                            "ports.265401579.protocol": "tcp",
                            "ports.3492377287.external": "53",
                            "ports.3492377287.internal": "53",
                            "ports.3492377287.ip": "",
                            "ports.3492377287.protocol": "tcp",
                            "ports.3518199425.external": "8500",
                            "ports.3518199425.internal": "8500",
                            "ports.3518199425.ip": "",
                            "ports.3518199425.protocol": "tcp",
                            "restart": "no"
                        },
                        "meta": {},
                        "tainted": false
                    },
                    "deposed": [],
                    "provider": ""
                },
                "docker_image.consul": {
                    "type": "docker_image",
                    "depends_on": [
                        "data.docker_registry_image.consul",
                        "data.docker_registry_image.consul"
                    ],
                    "primary": {
                        "id": "sha256:40d2b6c205a626671dcadf5dd342884a95fde30731c6011bfd4c586637d62c0bconsul",
                        "attributes": {
                            "id": "sha256:40d2b6c205a626671dcadf5dd342884a95fde30731c6011bfd4c586637d62c0bconsul",
                            "keep_locally": "true",
                            "latest": "sha256:40d2b6c205a626671dcadf5dd342884a95fde30731c6011bfd4c586637d62c0b",
                            "name": "consul",
                            "pull_trigger": "sha256:0a43d80f4ed3dc1abdbb0c60dba41f64666ea9259ffded6abadcde739f3deb9f"
                        },
                        "meta": {},
                        "tainted": false
                    },
                    "deposed": [],
                    "provider": ""
                }
            },
            "depends_on": []
        }
    ]
}
